
Microsoft Visual Studio Solution File, Format Version 12.00
# Visual Studio Version 16
VisualStudioVersion = 16.0.31911.196
MinimumVisualStudioVersion = 10.0.40219.1
Project("{9A19103F-16F7-4668-BE54-9A1E7A4F7556}") = "Webshop", "Webshop\Webshop.csproj", "{047D9D13-5530-41D8-B418-C9DF9BC79CE3}"
EndProject
Project("{9A19103F-16F7-4668-BE54-9A1E7A4F7556}") = "Tests", "..\Tests\Tests.csproj", "{FF083FFE-183E-4AC4-B5DD-A47985C839A6}"
EndProject
Global
	GlobalSection(SolutionConfigurationPlatforms) = preSolution
		Debug|Any CPU = Debug|Any CPU
		Release|Any CPU = Release|Any CPU
	EndGlobalSection
	GlobalSection(ProjectConfigurationPlatforms) = postSolution
		{047D9D13-5530-41D8-B418-C9DF9BC79CE3}.Debug|Any CPU.ActiveCfg = Debug|Any CPU
		{047D9D13-5530-41D8-B418-C9DF9BC79CE3}.Debug|Any CPU.Build.0 = Debug|Any CPU
		{047D9D13-5530-41D8-B418-C9DF9BC79CE3}.Release|Any CPU.ActiveCfg = Release|Any CPU
		{047D9D13-5530-41D8-B418-C9DF9BC79CE3}.Release|Any CPU.Build.0 = Release|Any CPU
		{FF083FFE-183E-4AC4-B5DD-A47985C839A6}.Debug|Any CPU.ActiveCfg = Debug|Any CPU
		{FF083FFE-183E-4AC4-B5DD-A47985C839A6}.Debug|Any CPU.Build.0 = Debug|Any CPU
		{FF083FFE-183E-4AC4-B5DD-A47985C839A6}.Release|Any CPU.ActiveCfg = Release|Any CPU
		{FF083FFE-183E-4AC4-B5DD-A47985C839A6}.Release|Any CPU.Build.0 = Release|Any CPU
	EndGlobalSection
	GlobalSection(SolutionProperties) = preSolution
		HideSolutionNode = FALSE
	EndGlobalSection
	GlobalSection(ExtensibilityGlobals) = postSolution
		SolutionGuid = {28A3B54E-C4A0-4466-B1CD-857A290E5303}
	EndGlobalSection
EndGlobal
